# THIS IS AN AUTOGENERATED FILE. DO NOT EDIT THIS FILE DIRECTLY.
# yarn lockfile v1


"@jridgewell/gen-mapping@^0.3.5":
  version "0.3.8"
  resolved "https://registry.yarnpkg.com/@jridgewell/gen-mapping/-/gen-mapping-0.3.8.tgz#4f0e06362e01362f823d348f1872b08f666d8142"
  integrity sha512-imAbBGkb+ebQyxKgzv5Hu2nmROxoDOXHh80evxdoXNOrvAnVx7zimzc1Oo5h9RlfV4vPXaE2iM5pOFbvOCClWA==
  dependencies:
    "@jridgewell/set-array" "^1.2.1"
    "@jridgewell/sourcemap-codec" "^1.4.10"
    "@jridgewell/trace-mapping" "^0.3.24"

"@jridgewell/resolve-uri@^3.1.0":
  version "3.1.2"
  resolved "https://registry.yarnpkg.com/@jridgewell/resolve-uri/-/resolve-uri-3.1.2.tgz#7a0ee601f60f99a20c7c7c5ff0c80388c1189bd6"
  integrity sha512-bRISgCIjP20/tbWSPWMEi54QVPRZExkuD9lJL+UIxUKtwVJA8wW1Trb1jMs1RFXo1CBTNZ/5hpC9QvmKWdopKw==

"@jridgewell/set-array@^1.2.1":
  version "1.2.1"
  resolved "https://registry.yarnpkg.com/@jridgewell/set-array/-/set-array-1.2.1.tgz#558fb6472ed16a4c850b889530e6b36438c49280"
  integrity sha512-R8gLRTZeyp03ymzP/6Lil/28tGeGEzhx1q2k703KGWRAI1VdvPIXdG70VJc2pAMw3NA6JKL5hhFu1sJX0Mnn/A==

"@jridgewell/source-map@^0.3.3":
  version "0.3.6"
  resolved "https://registry.yarnpkg.com/@jridgewell/source-map/-/source-map-0.3.6.tgz#9d71ca886e32502eb9362c9a74a46787c36df81a"
  integrity sha512-1ZJTZebgqllO79ue2bm3rIGud/bOe0pP5BjSRCRxxYkEZS8STV7zN84UBbiYu7jy+eCKSnVIUgoWWE/tt+shMQ==
  dependencies:
    "@jridgewell/gen-mapping" "^0.3.5"
    "@jridgewell/trace-mapping" "^0.3.25"

"@jridgewell/sourcemap-codec@^1.4.10", "@jridgewell/sourcemap-codec@^1.4.14":
  version "1.5.0"
  resolved "https://registry.yarnpkg.com/@jridgewell/sourcemap-codec/-/sourcemap-codec-1.5.0.tgz#3188bcb273a414b0d215fd22a58540b989b9409a"
  integrity sha512-gv3ZRaISU3fjPAgNsriBRqGWQL6quFx04YMPW/zD8XMLsU32mhCCbfbO6KZFLjvYpCZ8zyDEgqsgf+PwPaM7GQ==

"@jridgewell/trace-mapping@^0.3.24", "@jridgewell/trace-mapping@^0.3.25":
  version "0.3.25"
  resolved "https://registry.yarnpkg.com/@jridgewell/trace-mapping/-/trace-mapping-0.3.25.tgz#15f190e98895f3fc23276ee14bc76b675c2e50f0"
  integrity sha512-vNk6aEwybGtawWmy/PzwnGDOjCkLWSD2wqvjGGAgOAwCGWySYXfYoxt00IJkTF+8Lb57DwOb3Aa0o9CApepiYQ==
  dependencies:
    "@jridgewell/resolve-uri" "^3.1.0"
    "@jridgewell/sourcemap-codec" "^1.4.14"

"@rollup/plugin-node-resolve@^16.0.0":
  version "16.0.0"
  resolved "https://registry.yarnpkg.com/@rollup/plugin-node-resolve/-/plugin-node-resolve-16.0.0.tgz#b1a0594661f40d7b061d82136e847354ff85f211"
  integrity sha512-0FPvAeVUT/zdWoO0jnb/V5BlBsUSNfkIOtFHzMO4H9MOklrmQFY6FduVHKucNb/aTFxvnGhj4MNj/T1oNdDfNg==
  dependencies:
    "@rollup/pluginutils" "^5.0.1"
    "@types/resolve" "1.20.2"
    deepmerge "^4.2.2"
    is-module "^1.0.0"
    resolve "^1.22.1"

"@rollup/plugin-terser@^0.4.4":
  version "0.4.4"
  resolved "https://registry.yarnpkg.com/@rollup/plugin-terser/-/plugin-terser-0.4.4.tgz#15dffdb3f73f121aa4fbb37e7ca6be9aeea91962"
  integrity sha512-XHeJC5Bgvs8LfukDwWZp7yeqin6ns8RTl2B9avbejt6tZqsqvVoWI7ZTQrcNsfKEDWBTnTxM8nMDkO2IFFbd0A==
  dependencies:
    serialize-javascript "^6.0.1"
    smob "^1.0.0"
    terser "^5.17.4"

"@rollup/pluginutils@^5.0.1":
  version "5.1.4"
  resolved "https://registry.yarnpkg.com/@rollup/pluginutils/-/pluginutils-5.1.4.tgz#bb94f1f9eaaac944da237767cdfee6c5b2262d4a"
  integrity sha512-USm05zrsFxYLPdWWq+K3STlWiT/3ELn3RcV5hJMghpeAIhxfsUIg6mt12CBJBInWMV4VneoV7SfGv8xIwo2qNQ==
  dependencies:
    "@types/estree" "^1.0.0"
    estree-walker "^2.0.2"
    picomatch "^4.0.2"

"@rollup/rollup-android-arm-eabi@4.34.0":
  version "4.34.0"
  resolved "https://registry.yarnpkg.com/@rollup/rollup-android-arm-eabi/-/rollup-android-arm-eabi-4.34.0.tgz#b3eb2caca0d67d89f1797fe732938cfa79c690be"
  integrity sha512-Eeao7ewDq79jVEsrtWIj5RNqB8p2knlm9fhR6uJ2gqP7UfbLrTrxevudVrEPDM7Wkpn/HpRC2QfazH7MXLz3vQ==

"@rollup/rollup-android-arm64@4.34.0":
  version "4.34.0"
  resolved "https://registry.yarnpkg.com/@rollup/rollup-android-arm64/-/rollup-android-arm64-4.34.0.tgz#667165775809f35ca1eaa872b07ec4b3ab92ea90"
  integrity sha512-yVh0Kf1f0Fq4tWNf6mWcbQBCLDpDrDEl88lzPgKhrgTcDrTtlmun92ywEF9dCjmYO3EFiSuJeeo9cYRxl2FswA==

"@rollup/rollup-darwin-arm64@4.34.0":
  version "4.34.0"
  resolved "https://registry.yarnpkg.com/@rollup/rollup-darwin-arm64/-/rollup-darwin-arm64-4.34.0.tgz#7c6c254d1eb8b9348f8b927166312a5714678483"
  integrity sha512-gCs0ErAZ9s0Osejpc3qahTsqIPUDjSKIyxK/0BGKvL+Tn0n3Kwvj8BrCv7Y5sR1Ypz1K2qz9Ny0VvkVyoXBVUQ==

"@rollup/rollup-darwin-x64@4.34.0":
  version "4.34.0"
  resolved "https://registry.yarnpkg.com/@rollup/rollup-darwin-x64/-/rollup-darwin-x64-4.34.0.tgz#d4462dc79ed6a0f278488b9f2ed9abb401966270"
  integrity sha512-aIB5Anc8hngk15t3GUkiO4pv42ykXHfmpXGS+CzM9CTyiWyT8HIS5ygRAy7KcFb/wiw4Br+vh1byqcHRTfq2tQ==

"@rollup/rollup-freebsd-arm64@4.34.0":
  version "4.34.0"
  resolved "https://registry.yarnpkg.com/@rollup/rollup-freebsd-arm64/-/rollup-freebsd-arm64-4.34.0.tgz#04f4220ee8662749acfa44b34eb05f3bea3ecb11"
  integrity sha512-kpdsUdMlVJMRMaOf/tIvxk8TQdzHhY47imwmASOuMajg/GXpw8GKNd8LNwIHE5Yd1onehNpcUB9jHY6wgw9nHQ==

"@rollup/rollup-freebsd-x64@4.34.0":
  version "4.34.0"
  resolved "https://registry.yarnpkg.com/@rollup/rollup-freebsd-x64/-/rollup-freebsd-x64-4.34.0.tgz#fe48166f889bee1996a1bfcf44e376d524e6e030"
  integrity sha512-D0RDyHygOBCQiqookcPevrvgEarN0CttBecG4chOeIYCNtlKHmf5oi5kAVpXV7qs0Xh/WO2RnxeicZPtT50V0g==

"@rollup/rollup-linux-arm-gnueabihf@4.34.0":
  version "4.34.0"
  resolved "https://registry.yarnpkg.com/@rollup/rollup-linux-arm-gnueabihf/-/rollup-linux-arm-gnueabihf-4.34.0.tgz#dc04b05503ab0d1b0f646d3f15fef92c1cfb4a17"
  integrity sha512-mCIw8j5LPDXmCOW8mfMZwT6F/Kza03EnSr4wGYEswrEfjTfVsFOxvgYfuRMxTuUF/XmRb9WSMD5GhCWDe2iNrg==

"@rollup/rollup-linux-arm-musleabihf@4.34.0":
  version "4.34.0"
  resolved "https://registry.yarnpkg.com/@rollup/rollup-linux-arm-musleabihf/-/rollup-linux-arm-musleabihf-4.34.0.tgz#de41f94a12b680414a06d438a1e76eaca02cdea2"
  integrity sha512-AwwldAu4aCJPob7zmjuDUMvvuatgs8B/QiVB0KwkUarAcPB3W+ToOT+18TQwY4z09Al7G0BvCcmLRop5zBLTag==

"@rollup/rollup-linux-arm64-gnu@4.34.0":
  version "4.34.0"
  resolved "https://registry.yarnpkg.com/@rollup/rollup-linux-arm64-gnu/-/rollup-linux-arm64-gnu-4.34.0.tgz#ab5720b3d77810a65cdc5d940fa5e1ed4948d62d"
  integrity sha512-e7kDUGVP+xw05pV65ZKb0zulRploU3gTu6qH1qL58PrULDGxULIS0OSDQJLH7WiFnpd3ZKUU4VM3u/Z7Zw+e7Q==

"@rollup/rollup-linux-arm64-musl@4.34.0":
  version "4.34.0"
  resolved "https://registry.yarnpkg.com/@rollup/rollup-linux-arm64-musl/-/rollup-linux-arm64-musl-4.34.0.tgz#eb02c76935ca72332eaf24bef6f9ed0e43cdd9fe"
  integrity sha512-SXYJw3zpwHgaBqTXeAZ31qfW/v50wq4HhNVvKFhRr5MnptRX2Af4KebLWR1wpxGJtLgfS2hEPuALRIY3LPAAcA==

"@rollup/rollup-linux-loongarch64-gnu@4.34.0":
  version "4.34.0"
  resolved "https://registry.yarnpkg.com/@rollup/rollup-linux-loongarch64-gnu/-/rollup-linux-loongarch64-gnu-4.34.0.tgz#160903324cfcf09dc61be9d97e623e326c1a863a"
  integrity sha512-e5XiCinINCI4RdyU3sFyBH4zzz7LiQRvHqDtRe9Dt8o/8hTBaYpdPimayF00eY2qy5j4PaaWK0azRgUench6WQ==

"@rollup/rollup-linux-powerpc64le-gnu@4.34.0":
  version "4.34.0"
  resolved "https://registry.yarnpkg.com/@rollup/rollup-linux-powerpc64le-gnu/-/rollup-linux-powerpc64le-gnu-4.34.0.tgz#393030fdb664326a007300a2b7eabc7a8a6c7609"
  integrity sha512-3SWN3e0bAsm9ToprLFBSro8nJe6YN+5xmB11N4FfNf92wvLye/+Rh5JGQtKOpwLKt6e61R1RBc9g+luLJsc23A==

"@rollup/rollup-linux-riscv64-gnu@4.34.0":
  version "4.34.0"
  resolved "https://registry.yarnpkg.com/@rollup/rollup-linux-riscv64-gnu/-/rollup-linux-riscv64-gnu-4.34.0.tgz#8441dc29c13e2d03a510e59f3e5b1bfab2542071"
  integrity sha512-B1Oqt3GLh7qmhvfnc2WQla4NuHlcxAD5LyueUi5WtMc76ZWY+6qDtQYqnxARx9r+7mDGfamD+8kTJO0pKUJeJA==

"@rollup/rollup-linux-s390x-gnu@4.34.0":
  version "4.34.0"
  resolved "https://registry.yarnpkg.com/@rollup/rollup-linux-s390x-gnu/-/rollup-linux-s390x-gnu-4.34.0.tgz#e227deb812ccf6c077cef1fa4dc3fe39c9489049"
  integrity sha512-UfUCo0h/uj48Jq2lnhX0AOhZPSTAq3Eostas+XZ+GGk22pI+Op1Y6cxQ1JkUuKYu2iU+mXj1QjPrZm9nNWV9rg==

"@rollup/rollup-linux-x64-gnu@4.34.0":
  version "4.34.0"
  resolved "https://registry.yarnpkg.com/@rollup/rollup-linux-x64-gnu/-/rollup-linux-x64-gnu-4.34.0.tgz#5b5163bd4e9c2ff11f8230252962240452e18b4a"
  integrity sha512-chZLTUIPbgcpm+Z7ALmomXW8Zh+wE2icrG+K6nt/HenPLmtwCajhQC5flNSk1Xy5EDMt/QAOz2MhzfOfJOLSiA==

"@rollup/rollup-linux-x64-musl@4.34.0":
  version "4.34.0"
  resolved "https://registry.yarnpkg.com/@rollup/rollup-linux-x64-musl/-/rollup-linux-x64-musl-4.34.0.tgz#516ece775a9e9770d6bd6bdecc7926a0355491c4"
  integrity sha512-jo0UolK70O28BifvEsFD/8r25shFezl0aUk2t0VJzREWHkq19e+pcLu4kX5HiVXNz5qqkD+aAq04Ct8rkxgbyQ==

"@rollup/rollup-win32-arm64-msvc@4.34.0":
  version "4.34.0"
  resolved "https://registry.yarnpkg.com/@rollup/rollup-win32-arm64-msvc/-/rollup-win32-arm64-msvc-4.34.0.tgz#e60db53ff6b3bd00baf13b04f91fddb43740077f"
  integrity sha512-Vmg0NhAap2S54JojJchiu5An54qa6t/oKT7LmDaWggpIcaiL8WcWHEN6OQrfTdL6mQ2GFyH7j2T5/3YPEDOOGA==

"@rollup/rollup-win32-ia32-msvc@4.34.0":
  version "4.34.0"
  resolved "https://registry.yarnpkg.com/@rollup/rollup-win32-ia32-msvc/-/rollup-win32-ia32-msvc-4.34.0.tgz#283b3436a4c8a39e0f11d1d6935560ef37f1b5f8"
  integrity sha512-CV2aqhDDOsABKHKhNcs1SZFryffQf8vK2XrxP6lxC99ELZAdvsDgPklIBfd65R8R+qvOm1SmLaZ/Fdq961+m7A==

"@rollup/rollup-win32-x64-msvc@4.34.0":
  version "4.34.0"
  resolved "https://registry.yarnpkg.com/@rollup/rollup-win32-x64-msvc/-/rollup-win32-x64-msvc-4.34.0.tgz#64c15d791d9b07ced7e89f735b2bd420a41c2e8e"
  integrity sha512-g2ASy1QwHP88y5KWvblUolJz9rN+i4ZOsYzkEwcNfaNooxNUXG+ON6F5xFo0NIItpHqxcdAyls05VXpBnludGw==

"@types/estree@1.0.6", "@types/estree@^1.0.0":
  version "1.0.6"
  resolved "https://registry.yarnpkg.com/@types/estree/-/estree-1.0.6.tgz#628effeeae2064a1b4e79f78e81d87b7e5fc7b50"
  integrity sha512-AYnb1nQyY49te+VRAVgmzfcgjYS91mY5P0TKUDCLEM+gNnA+3T6rWITXRLYCpahpqSQbN5cE+gHpnPyXjHWxcw==

"@types/resolve@1.20.2":
  version "1.20.2"
  resolved "https://registry.yarnpkg.com/@types/resolve/-/resolve-1.20.2.tgz#97d26e00cd4a0423b4af620abecf3e6f442b7975"
  integrity sha512-60BCwRFOZCQhDncwQdxxeOEEkbc5dIMccYLwbxsS4TUNeVECQ/pBJ0j09mrHOl/JJvpRPGwO9SvE4nR2Nb/a4Q==

acorn@^8.8.2:
  version "8.14.0"
  resolved "https://registry.yarnpkg.com/acorn/-/acorn-8.14.0.tgz#063e2c70cac5fb4f6467f0b11152e04c682795b0"
  integrity sha512-cl669nCJTZBsL97OF4kUQm5g5hC2uihk0NxY3WENAC0TYdILVkAyHymAntgxGkl7K+t0cXIrH5siy5S4XkFycA==

buffer-from@^1.0.0:
  version "1.1.2"
  resolved "https://registry.yarnpkg.com/buffer-from/-/buffer-from-1.1.2.tgz#2b146a6fd72e80b4f55d255f35ed59a3a9a41bd5"
  integrity sha512-E+XQCRwSbaaiChtv6k6Dwgc+bx+Bs6vuKJHHl5kox/BaKbhiXzqQOwK4cO22yElGp2OCmjwVhT3HmxgyPGnJfQ==

commander@^2.20.0:
  version "2.20.3"
  resolved "https://registry.yarnpkg.com/commander/-/commander-2.20.3.tgz#fd485e84c03eb4881c20722ba48035e8531aeb33"
  integrity sha512-GpVkmM8vF2vQUkj2LvZmD35JxeJOLCwJ9cUkugyk2nuhbv3+mJvpLYYt+0+USMxE+oj+ey/lJEnhZw75x/OMcQ==

deepmerge@^4.2.2:
  version "4.3.1"
  resolved "https://registry.yarnpkg.com/deepmerge/-/deepmerge-4.3.1.tgz#44b5f2147cd3b00d4b56137685966f26fd25dd4a"
  integrity sha512-3sUqbMEc77XqpdNO7FRyRog+eW3ph+GYCbj+rK+uYyRMuwsVy0rMiVtPn+QJlKFvWP/1PYpapqYn0Me2knFn+A==

estree-walker@^2.0.2:
  version "2.0.2"
  resolved "https://registry.yarnpkg.com/estree-walker/-/estree-walker-2.0.2.tgz#52f010178c2a4c117a7757cfe942adb7d2da4cac"
  integrity sha512-Rfkk/Mp/DL7JVje3u18FxFujQlTNR2q6QfMSMB7AvCBx91NGj/ba3kCfza0f6dVDbw7YlRf/nDrn7pQrCCyQ/w==

fsevents@~2.3.2:
  version "2.3.3"
  resolved "https://registry.yarnpkg.com/fsevents/-/fsevents-2.3.3.tgz#cac6407785d03675a2a5e1a5305c697b347d90d6"
  integrity sha512-5xoDfX+fL7faATnagmWPpbFtwh/R77WmMMqqHGS65C3vvB0YHrgF+B1YmZ3441tMj5n63k0212XNoJwzlhffQw==

function-bind@^1.1.2:
  version "1.1.2"
  resolved "https://registry.yarnpkg.com/function-bind/-/function-bind-1.1.2.tgz#2c02d864d97f3ea6c8830c464cbd11ab6eab7a1c"
  integrity sha512-7XHNxH7qX9xG5mIwxkhumTox/MIRNcOgDrxWsMt2pAr23WHp6MrRlN7FBSFpCpr+oVO0F744iUgR82nJMfG2SA==

hasown@^2.0.2:
  version "2.0.2"
  resolved "https://registry.yarnpkg.com/hasown/-/hasown-2.0.2.tgz#003eaf91be7adc372e84ec59dc37252cedb80003"
  integrity sha512-0hJU9SCPvmMzIBdZFqNPXWa6dqh7WdH0cII9y+CyS8rG3nL48Bclra9HmKhVVUHyPWNH5Y7xDwAB7bfgSjkUMQ==
  dependencies:
    function-bind "^1.1.2"

is-core-module@^2.16.0:
  version "2.16.1"
  resolved "https://registry.yarnpkg.com/is-core-module/-/is-core-module-2.16.1.tgz#2a98801a849f43e2add644fbb6bc6229b19a4ef4"
  integrity sha512-UfoeMA6fIJ8wTYFEUjelnaGI67v6+N7qXJEvQuIGa99l4xsCruSYOVSQ0uPANn4dAzm8lkYPaKLrrijLq7x23w==
  dependencies:
    hasown "^2.0.2"

is-module@^1.0.0:
  version "1.0.0"
  resolved "https://registry.yarnpkg.com/is-module/-/is-module-1.0.0.tgz#3258fb69f78c14d5b815d664336b4cffb6441591"
  integrity sha512-51ypPSPCoTEIN9dy5Oy+h4pShgJmPCygKfyRCISBI+JoWT/2oJvK8QPxmwv7b/p239jXrm9M1mlQbyKJ5A152g==

path-parse@^1.0.7:
  version "1.0.7"
  resolved "https://registry.yarnpkg.com/path-parse/-/path-parse-1.0.7.tgz#fbc114b60ca42b30d9daf5858e4bd68bbedb6735"
  integrity sha512-LDJzPVEEEPR+y48z93A0Ed0yXb8pAByGWo/k5YYdYgpY2/2EsOsksJrq7lOHxryrVOn1ejG6oAp8ahvOIQD8sw==

picomatch@^4.0.2:
  version "4.0.2"
  resolved "https://registry.yarnpkg.com/picomatch/-/picomatch-4.0.2.tgz#77c742931e8f3b8820946c76cd0c1f13730d1dab"
  integrity sha512-M7BAV6Rlcy5u+m6oPhAPFgJTzAioX/6B0DxyvDlo9l8+T3nLKbrczg2WLUyzd45L8RqfUMyGPzekbMvX2Ldkwg==

prettier@^3.2.5:
  version "3.4.2"
  resolved "https://registry.yarnpkg.com/prettier/-/prettier-3.4.2.tgz#a5ce1fb522a588bf2b78ca44c6e6fe5aa5a2b13f"
  integrity sha512-e9MewbtFo+Fevyuxn/4rrcDAaq0IYxPGLvObpQjiZBMAzB9IGmzlnG9RZy3FFas+eBMu2vA0CszMeduow5dIuQ==

randombytes@^2.1.0:
  version "2.1.0"
  resolved "https://registry.yarnpkg.com/randombytes/-/randombytes-2.1.0.tgz#df6f84372f0270dc65cdf6291349ab7a473d4f2a"
  integrity sha512-vYl3iOX+4CKUWuxGi9Ukhie6fsqXqS9FE2Zaic4tNFD2N2QQaXOMFbuKK4QmDHC0JO6B1Zp41J0LpT0oR68amQ==
  dependencies:
    safe-buffer "^5.1.0"

resolve@^1.22.1:
  version "1.22.10"
  resolved "https://registry.yarnpkg.com/resolve/-/resolve-1.22.10.tgz#b663e83ffb09bbf2386944736baae803029b8b39"
  integrity sha512-NPRy+/ncIMeDlTAsuqwKIiferiawhefFJtkNSW0qZJEqMEb+qBt/77B/jGeeek+F0uOeN05CDa6HXbbIgtVX4w==
  dependencies:
    is-core-module "^2.16.0"
    path-parse "^1.0.7"
    supports-preserve-symlinks-flag "^1.0.0"

rollup@^4.34.0:
  version "4.34.0"
  resolved "https://registry.yarnpkg.com/rollup/-/rollup-4.34.0.tgz#355a2da8f9cf07c2f465163c6608efb26c9cc833"
  integrity sha512-+4C/cgJ9w6sudisA0nZz0+O7lTP9a3CzNLsoDwaRumM8QHwghUsu6tqHXiTmNUp/rqNiM14++7dkzHDyCRs0Jg==
  dependencies:
    "@types/estree" "1.0.6"
  optionalDependencies:
    "@rollup/rollup-android-arm-eabi" "4.34.0"
    "@rollup/rollup-android-arm64" "4.34.0"
    "@rollup/rollup-darwin-arm64" "4.34.0"
    "@rollup/rollup-darwin-x64" "4.34.0"
    "@rollup/rollup-freebsd-arm64" "4.34.0"
    "@rollup/rollup-freebsd-x64" "4.34.0"
    "@rollup/rollup-linux-arm-gnueabihf" "4.34.0"
    "@rollup/rollup-linux-arm-musleabihf" "4.34.0"
    "@rollup/rollup-linux-arm64-gnu" "4.34.0"
    "@rollup/rollup-linux-arm64-musl" "4.34.0"
    "@rollup/rollup-linux-loongarch64-gnu" "4.34.0"
    "@rollup/rollup-linux-powerpc64le-gnu" "4.34.0"
    "@rollup/rollup-linux-riscv64-gnu" "4.34.0"
    "@rollup/rollup-linux-s390x-gnu" "4.34.0"
    "@rollup/rollup-linux-x64-gnu" "4.34.0"
    "@rollup/rollup-linux-x64-musl" "4.34.0"
    "@rollup/rollup-win32-arm64-msvc" "4.34.0"
    "@rollup/rollup-win32-ia32-msvc" "4.34.0"
    "@rollup/rollup-win32-x64-msvc" "4.34.0"
    fsevents "~2.3.2"

safe-buffer@^5.1.0:
  version "5.2.1"
  resolved "https://registry.yarnpkg.com/safe-buffer/-/safe-buffer-5.2.1.tgz#1eaf9fa9bdb1fdd4ec75f58f9cdb4e6b7827eec6"
  integrity sha512-rp3So07KcdmmKbGvgaNxQSJr7bGVSVk5S9Eq1F+ppbRo70+YeaDxkw5Dd8NPN+GD6bjnYm2VuPuCXmpuYvmCXQ==

serialize-javascript@^6.0.1:
  version "6.0.2"
  resolved "https://registry.yarnpkg.com/serialize-javascript/-/serialize-javascript-6.0.2.tgz#defa1e055c83bf6d59ea805d8da862254eb6a6c2"
  integrity sha512-Saa1xPByTTq2gdeFZYLLo+RFE35NHZkAbqZeWNd3BpzppeVisAqpDjcp8dyf6uIvEqJRd46jemmyA4iFIeVk8g==
  dependencies:
    randombytes "^2.1.0"

smob@^1.0.0:
  version "1.5.0"
  resolved "https://registry.yarnpkg.com/smob/-/smob-1.5.0.tgz#85d79a1403abf128d24d3ebc1cdc5e1a9548d3ab"
  integrity sha512-g6T+p7QO8npa+/hNx9ohv1E5pVCmWrVCUzUXJyLdMmftX6ER0oiWY/w9knEonLpnOp6b6FenKnMfR8gqwWdwig==

source-map-support@~0.5.20:
  version "0.5.21"
  resolved "https://registry.yarnpkg.com/source-map-support/-/source-map-support-0.5.21.tgz#04fe7c7f9e1ed2d662233c28cb2b35b9f63f6e4f"
  integrity sha512-uBHU3L3czsIyYXKX88fdrGovxdSCoTGDRZ6SYXtSRxLZUzHg5P/66Ht6uoUlHu9EZod+inXhKo3qQgwXUT/y1w==
  dependencies:
    buffer-from "^1.0.0"
    source-map "^0.6.0"

source-map@^0.6.0:
  version "0.6.1"
  resolved "https://registry.yarnpkg.com/source-map/-/source-map-0.6.1.tgz#74722af32e9614e9c287a8d0bbde48b5e2f1a263"
  integrity sha512-UjgapumWlbMhkBgzT7Ykc5YXUT46F0iKu8SGXq0bcwP5dz/h0Plj6enJqjz1Zbq2l5WaqYnrVbwWOWMyF3F47g==

supports-preserve-symlinks-flag@^1.0.0:
  version "1.0.0"
  resolved "https://registry.yarnpkg.com/supports-preserve-symlinks-flag/-/supports-preserve-symlinks-flag-1.0.0.tgz#6eda4bd344a3c94aea376d4cc31bc77311039e09"
  integrity sha512-ot0WnXS9fgdkgIcePe6RHNk1WA8+muPa6cSjeR3V8K27q9BB1rTE3R1p7Hv0z1ZyAc8s6Vvv8DIyWf681MAt0w==

terser@^5.17.4:
  version "5.37.0"
  resolved "https://registry.yarnpkg.com/terser/-/terser-5.37.0.tgz#38aa66d1cfc43d0638fab54e43ff8a4f72a21ba3"
  integrity sha512-B8wRRkmre4ERucLM/uXx4MOV5cbnOlVAqUst+1+iLKPI0dOgFO28f84ptoQt9HEI537PMzfYa/d+GEPKTRXmYA==
  dependencies:
    "@jridgewell/source-map" "^0.3.3"
    acorn "^8.8.2"
    commander "^2.20.0"
    source-map-support "~0.5.20"
