# THIS IS AN AUTOGENERATED FILE. DO NOT EDIT THIS FILE DIRECTLY.
# yarn lockfile v1


"@jridgewell/gen-mapping@^0.3.5":
  version "0.3.8"
  resolved "https://registry.yarnpkg.com/@jridgewell/gen-mapping/-/gen-mapping-0.3.8.tgz#4f0e06362e01362f823d348f1872b08f666d8142"
  integrity sha512-imAbBGkb+ebQyxKgzv5Hu2nmROxoDOXHh80evxdoXNOrvAnVx7zimzc1Oo5h9RlfV4vPXaE2iM5pOFbvOCClWA==
  dependencies:
    "@jridgewell/set-array" "^1.2.1"
    "@jridgewell/sourcemap-codec" "^1.4.10"
    "@jridgewell/trace-mapping" "^0.3.24"

"@jridgewell/resolve-uri@^3.1.0":
  version "3.1.2"
  resolved "https://registry.yarnpkg.com/@jridgewell/resolve-uri/-/resolve-uri-3.1.2.tgz#7a0ee601f60f99a20c7c7c5ff0c80388c1189bd6"
  integrity sha512-bRISgCIjP20/tbWSPWMEi54QVPRZExkuD9lJL+UIxUKtwVJA8wW1Trb1jMs1RFXo1CBTNZ/5hpC9QvmKWdopKw==

"@jridgewell/set-array@^1.2.1":
  version "1.2.1"
  resolved "https://registry.yarnpkg.com/@jridgewell/set-array/-/set-array-1.2.1.tgz#558fb6472ed16a4c850b889530e6b36438c49280"
  integrity sha512-R8gLRTZeyp03ymzP/6Lil/28tGeGEzhx1q2k703KGWRAI1VdvPIXdG70VJc2pAMw3NA6JKL5hhFu1sJX0Mnn/A==

"@jridgewell/source-map@^0.3.3":
  version "0.3.6"
  resolved "https://registry.yarnpkg.com/@jridgewell/source-map/-/source-map-0.3.6.tgz#9d71ca886e32502eb9362c9a74a46787c36df81a"
  integrity sha512-1ZJTZebgqllO79ue2bm3rIGud/bOe0pP5BjSRCRxxYkEZS8STV7zN84UBbiYu7jy+eCKSnVIUgoWWE/tt+shMQ==
  dependencies:
    "@jridgewell/gen-mapping" "^0.3.5"
    "@jridgewell/trace-mapping" "^0.3.25"

"@jridgewell/sourcemap-codec@^1.4.10", "@jridgewell/sourcemap-codec@^1.4.14":
  version "1.5.0"
  resolved "https://registry.yarnpkg.com/@jridgewell/sourcemap-codec/-/sourcemap-codec-1.5.0.tgz#3188bcb273a414b0d215fd22a58540b989b9409a"
  integrity sha512-gv3ZRaISU3fjPAgNsriBRqGWQL6quFx04YMPW/zD8XMLsU32mhCCbfbO6KZFLjvYpCZ8zyDEgqsgf+PwPaM7GQ==

"@jridgewell/trace-mapping@^0.3.24", "@jridgewell/trace-mapping@^0.3.25":
  version "0.3.25"
  resolved "https://registry.yarnpkg.com/@jridgewell/trace-mapping/-/trace-mapping-0.3.25.tgz#15f190e98895f3fc23276ee14bc76b675c2e50f0"
  integrity sha512-vNk6aEwybGtawWmy/PzwnGDOjCkLWSD2wqvjGGAgOAwCGWySYXfYoxt00IJkTF+8Lb57DwOb3Aa0o9CApepiYQ==
  dependencies:
    "@jridgewell/resolve-uri" "^3.1.0"
    "@jridgewell/sourcemap-codec" "^1.4.14"

"@rollup/plugin-node-resolve@^15.0.1":
  version "15.3.1"
  resolved "https://registry.yarnpkg.com/@rollup/plugin-node-resolve/-/plugin-node-resolve-15.3.1.tgz#66008953c2524be786aa319d49e32f2128296a78"
  integrity sha512-tgg6b91pAybXHJQMAAwW9VuWBO6Thi+q7BCNARLwSqlmsHz0XYURtGvh/AuwSADXSI4h/2uHbs7s4FzlZDGSGA==
  dependencies:
    "@rollup/pluginutils" "^5.0.1"
    "@types/resolve" "1.20.2"
    deepmerge "^4.2.2"
    is-module "^1.0.0"
    resolve "^1.22.1"

"@rollup/plugin-terser@^0.4.4":
  version "0.4.4"
  resolved "https://registry.yarnpkg.com/@rollup/plugin-terser/-/plugin-terser-0.4.4.tgz#15dffdb3f73f121aa4fbb37e7ca6be9aeea91962"
  integrity sha512-XHeJC5Bgvs8LfukDwWZp7yeqin6ns8RTl2B9avbejt6tZqsqvVoWI7ZTQrcNsfKEDWBTnTxM8nMDkO2IFFbd0A==
  dependencies:
    serialize-javascript "^6.0.1"
    smob "^1.0.0"
    terser "^5.17.4"

"@rollup/pluginutils@^5.0.1":
  version "5.1.4"
  resolved "https://registry.yarnpkg.com/@rollup/pluginutils/-/pluginutils-5.1.4.tgz#bb94f1f9eaaac944da237767cdfee6c5b2262d4a"
  integrity sha512-USm05zrsFxYLPdWWq+K3STlWiT/3ELn3RcV5hJMghpeAIhxfsUIg6mt12CBJBInWMV4VneoV7SfGv8xIwo2qNQ==
  dependencies:
    "@types/estree" "^1.0.0"
    estree-walker "^2.0.2"
    picomatch "^4.0.2"

"@rollup/rollup-android-arm-eabi@4.29.2":
  version "4.29.2"
  resolved "https://registry.yarnpkg.com/@rollup/rollup-android-arm-eabi/-/rollup-android-arm-eabi-4.29.2.tgz#d4c3965f18ebf567a99154f93bcf283fd527e2a9"
  integrity sha512-s/8RiF4bdmGnc/J0N7lHAr5ZFJj+NdJqJ/Hj29K+c4lEdoVlukzvWXB9XpWZCdakVT0YAw8iyIqUP2iFRz5/jA==

"@rollup/rollup-android-arm64@4.29.2":
  version "4.29.2"
  resolved "https://registry.yarnpkg.com/@rollup/rollup-android-arm64/-/rollup-android-arm64-4.29.2.tgz#cbc7e636a7aab984161fc045039bf3c6abb50083"
  integrity sha512-mKRlVj1KsKWyEOwR6nwpmzakq6SgZXW4NUHNWlYSiyncJpuXk7wdLzuKdWsRoR1WLbWsZBKvsUCdCTIAqRn9cA==

"@rollup/rollup-darwin-arm64@4.29.2":
  version "4.29.2"
  resolved "https://registry.yarnpkg.com/@rollup/rollup-darwin-arm64/-/rollup-darwin-arm64-4.29.2.tgz#d084c6120f96749a7ddc5ef81d8740f2525abb6e"
  integrity sha512-vJX+vennGwygmutk7N333lvQ/yKVAHnGoBS2xMRQgXWW8tvn46YWuTDOpKroSPR9BEW0Gqdga2DHqz8Pwk6X5w==

"@rollup/rollup-darwin-x64@4.29.2":
  version "4.29.2"
  resolved "https://registry.yarnpkg.com/@rollup/rollup-darwin-x64/-/rollup-darwin-x64-4.29.2.tgz#1393f12d5722cc39b8c014aedd4b4da8043929a9"
  integrity sha512-e2rW9ng5O6+Mt3ht8fH0ljfjgSCC6ffmOipiLUgAnlK86CHIaiCdHCzHzmTkMj6vEkqAiRJ7ss6Ibn56B+RE5w==

"@rollup/rollup-freebsd-arm64@4.29.2":
  version "4.29.2"
  resolved "https://registry.yarnpkg.com/@rollup/rollup-freebsd-arm64/-/rollup-freebsd-arm64-4.29.2.tgz#1c11650970c4b52d7fb077f5a4a6e16ba5e6db4f"
  integrity sha512-/xdNwZe+KesG6XJCK043EjEDZTacCtL4yurMZRLESIgHQdvtNyul3iz2Ab03ZJG0pQKbFTu681i+4ETMF9uE/Q==

"@rollup/rollup-freebsd-x64@4.29.2":
  version "4.29.2"
  resolved "https://registry.yarnpkg.com/@rollup/rollup-freebsd-x64/-/rollup-freebsd-x64-4.29.2.tgz#d3d79a2b96e81475571cb9bb414910450bcebe04"
  integrity sha512-eXKvpThGzREuAbc6qxnArHh8l8W4AyTcL8IfEnmx+bcnmaSGgjyAHbzZvHZI2csJ+e0MYddl7DX0X7g3sAuXDQ==

"@rollup/rollup-linux-arm-gnueabihf@4.29.2":
  version "4.29.2"
  resolved "https://registry.yarnpkg.com/@rollup/rollup-linux-arm-gnueabihf/-/rollup-linux-arm-gnueabihf-4.29.2.tgz#14a39257111abbc38412805c9162819d3bb248c1"
  integrity sha512-h4VgxxmzmtXLLYNDaUcQevCmPYX6zSj4SwKuzY7SR5YlnCBYsmvfYORXgiU8axhkFCDtQF3RW5LIXT8B14Qykg==

"@rollup/rollup-linux-arm-musleabihf@4.29.2":
  version "4.29.2"
  resolved "https://registry.yarnpkg.com/@rollup/rollup-linux-arm-musleabihf/-/rollup-linux-arm-musleabihf-4.29.2.tgz#64304812643515c0ed83cdaf4fde034c35dbc776"
  integrity sha512-EObwZ45eMmWZQ1w4N7qy4+G1lKHm6mcOwDa+P2+61qxWu1PtQJ/lz2CNJ7W3CkfgN0FQ7cBUy2tk6D5yR4KeXw==

"@rollup/rollup-linux-arm64-gnu@4.29.2":
  version "4.29.2"
  resolved "https://registry.yarnpkg.com/@rollup/rollup-linux-arm64-gnu/-/rollup-linux-arm64-gnu-4.29.2.tgz#60d457954c288c168049aadb304c204d8a680236"
  integrity sha512-Z7zXVHEXg1elbbYiP/29pPwlJtLeXzjrj4241/kCcECds8Zg9fDfURWbZHRIKrEriAPS8wnVtdl4ZJBvZr325w==

"@rollup/rollup-linux-arm64-musl@4.29.2":
  version "4.29.2"
  resolved "https://registry.yarnpkg.com/@rollup/rollup-linux-arm64-musl/-/rollup-linux-arm64-musl-4.29.2.tgz#17deb5058243bc5599164a9e0a899b0902310fca"
  integrity sha512-TF4kxkPq+SudS/r4zGPf0G08Bl7+NZcFrUSR3484WwsHgGgJyPQRLCNrQ/R5J6VzxfEeQR9XRpc8m2t7lD6SEQ==

"@rollup/rollup-linux-loongarch64-gnu@4.29.2":
  version "4.29.2"
  resolved "https://registry.yarnpkg.com/@rollup/rollup-linux-loongarch64-gnu/-/rollup-linux-loongarch64-gnu-4.29.2.tgz#5c65dd6557fda1f45c285cfeb4c5eda4c868341d"
  integrity sha512-kO9Fv5zZuyj2zB2af4KA29QF6t7YSxKrY7sxZXfw8koDQj9bx5Tk5RjH+kWKFKok0wLGTi4bG117h31N+TIBEg==

"@rollup/rollup-linux-powerpc64le-gnu@4.29.2":
  version "4.29.2"
  resolved "https://registry.yarnpkg.com/@rollup/rollup-linux-powerpc64le-gnu/-/rollup-linux-powerpc64le-gnu-4.29.2.tgz#33e45cac222fa6d09891f73bfb2d5d027ec34989"
  integrity sha512-gIh776X7UCBaetVJGdjXPFurGsdWwHHinwRnC5JlLADU8Yk0EdS/Y+dMO264OjJFo7MXQ5PX4xVFbxrwK8zLqA==

"@rollup/rollup-linux-riscv64-gnu@4.29.2":
  version "4.29.2"
  resolved "https://registry.yarnpkg.com/@rollup/rollup-linux-riscv64-gnu/-/rollup-linux-riscv64-gnu-4.29.2.tgz#1edee7a06538597720c4bf8178367d4b5651717d"
  integrity sha512-YgikssQ5UNq1GoFKZydMEkhKbjlUq7G3h8j6yWXLBF24KyoA5BcMtaOUAXq5sydPmOPEqB6kCyJpyifSpCfQ0w==

"@rollup/rollup-linux-s390x-gnu@4.29.2":
  version "4.29.2"
  resolved "https://registry.yarnpkg.com/@rollup/rollup-linux-s390x-gnu/-/rollup-linux-s390x-gnu-4.29.2.tgz#0ad4aaae2fd89c3607b743c63514c4561905672b"
  integrity sha512-9ouIR2vFWCyL0Z50dfnon5nOrpDdkTG9lNDs7MRaienQKlTyHcDxplmk3IbhFlutpifBSBr2H4rVILwmMLcaMA==

"@rollup/rollup-linux-x64-gnu@4.29.2":
  version "4.29.2"
  resolved "https://registry.yarnpkg.com/@rollup/rollup-linux-x64-gnu/-/rollup-linux-x64-gnu-4.29.2.tgz#ae27f8d26c02d8ce6f84275860e99678b9f3e932"
  integrity sha512-ckBBNRN/F+NoSUDENDIJ2U9UWmIODgwDB/vEXCPOMcsco1niTkxTXa6D2Y/pvCnpzaidvY2qVxGzLilNs9BSzw==

"@rollup/rollup-linux-x64-musl@4.29.2":
  version "4.29.2"
  resolved "https://registry.yarnpkg.com/@rollup/rollup-linux-x64-musl/-/rollup-linux-x64-musl-4.29.2.tgz#24ff1a64dddd75c489bd8714bcb5a659769d3e4a"
  integrity sha512-jycl1wL4AgM2aBFJFlpll/kGvAjhK8GSbEmFT5v3KC3rP/b5xZ1KQmv0vQQ8Bzb2ieFQ0kZFPRMbre/l3Bu9JA==

"@rollup/rollup-win32-arm64-msvc@4.29.2":
  version "4.29.2"
  resolved "https://registry.yarnpkg.com/@rollup/rollup-win32-arm64-msvc/-/rollup-win32-arm64-msvc-4.29.2.tgz#7c56efd576618db251909e21818d473cbcf96786"
  integrity sha512-S2V0LlcOiYkNGlRAWZwwUdNgdZBfvsDHW0wYosYFV3c7aKgEVcbonetZXsHv7jRTTX+oY5nDYT4W6B1oUpMNOg==

"@rollup/rollup-win32-ia32-msvc@4.29.2":
  version "4.29.2"
  resolved "https://registry.yarnpkg.com/@rollup/rollup-win32-ia32-msvc/-/rollup-win32-ia32-msvc-4.29.2.tgz#0b77e11129b04bb5b9bfff4b011d084a975190e0"
  integrity sha512-pW8kioj9H5f/UujdoX2atFlXNQ9aCfAxFRaa+mhczwcsusm6gGrSo4z0SLvqLF5LwFqFTjiLCCzGkNK/LE0utQ==

"@rollup/rollup-win32-x64-msvc@4.29.2":
  version "4.29.2"
  resolved "https://registry.yarnpkg.com/@rollup/rollup-win32-x64-msvc/-/rollup-win32-x64-msvc-4.29.2.tgz#dc89d92418ae2efa1d70e071c686cffbcf788147"
  integrity sha512-p6fTArexECPf6KnOHvJXRpAEq0ON1CBtzG/EY4zw08kCHk/kivBc5vUEtnCFNCHOpJZ2ne77fxwRLIKD4wuW2Q==

"@types/estree@1.0.6", "@types/estree@^1.0.0":
  version "1.0.6"
  resolved "https://registry.yarnpkg.com/@types/estree/-/estree-1.0.6.tgz#628effeeae2064a1b4e79f78e81d87b7e5fc7b50"
  integrity sha512-AYnb1nQyY49te+VRAVgmzfcgjYS91mY5P0TKUDCLEM+gNnA+3T6rWITXRLYCpahpqSQbN5cE+gHpnPyXjHWxcw==

"@types/resolve@1.20.2":
  version "1.20.2"
  resolved "https://registry.yarnpkg.com/@types/resolve/-/resolve-1.20.2.tgz#97d26e00cd4a0423b4af620abecf3e6f442b7975"
  integrity sha512-60BCwRFOZCQhDncwQdxxeOEEkbc5dIMccYLwbxsS4TUNeVECQ/pBJ0j09mrHOl/JJvpRPGwO9SvE4nR2Nb/a4Q==

acorn@^8.8.2:
  version "8.14.0"
  resolved "https://registry.yarnpkg.com/acorn/-/acorn-8.14.0.tgz#063e2c70cac5fb4f6467f0b11152e04c682795b0"
  integrity sha512-cl669nCJTZBsL97OF4kUQm5g5hC2uihk0NxY3WENAC0TYdILVkAyHymAntgxGkl7K+t0cXIrH5siy5S4XkFycA==

buffer-from@^1.0.0:
  version "1.1.2"
  resolved "https://registry.yarnpkg.com/buffer-from/-/buffer-from-1.1.2.tgz#2b146a6fd72e80b4f55d255f35ed59a3a9a41bd5"
  integrity sha512-E+XQCRwSbaaiChtv6k6Dwgc+bx+Bs6vuKJHHl5kox/BaKbhiXzqQOwK4cO22yElGp2OCmjwVhT3HmxgyPGnJfQ==

commander@^2.20.0:
  version "2.20.3"
  resolved "https://registry.yarnpkg.com/commander/-/commander-2.20.3.tgz#fd485e84c03eb4881c20722ba48035e8531aeb33"
  integrity sha512-GpVkmM8vF2vQUkj2LvZmD35JxeJOLCwJ9cUkugyk2nuhbv3+mJvpLYYt+0+USMxE+oj+ey/lJEnhZw75x/OMcQ==

deepmerge@^4.2.2:
  version "4.3.1"
  resolved "https://registry.yarnpkg.com/deepmerge/-/deepmerge-4.3.1.tgz#44b5f2147cd3b00d4b56137685966f26fd25dd4a"
  integrity sha512-3sUqbMEc77XqpdNO7FRyRog+eW3ph+GYCbj+rK+uYyRMuwsVy0rMiVtPn+QJlKFvWP/1PYpapqYn0Me2knFn+A==

estree-walker@^2.0.2:
  version "2.0.2"
  resolved "https://registry.yarnpkg.com/estree-walker/-/estree-walker-2.0.2.tgz#52f010178c2a4c117a7757cfe942adb7d2da4cac"
  integrity sha512-Rfkk/Mp/DL7JVje3u18FxFujQlTNR2q6QfMSMB7AvCBx91NGj/ba3kCfza0f6dVDbw7YlRf/nDrn7pQrCCyQ/w==

fsevents@~2.3.2:
  version "2.3.3"
  resolved "https://registry.yarnpkg.com/fsevents/-/fsevents-2.3.3.tgz#cac6407785d03675a2a5e1a5305c697b347d90d6"
  integrity sha512-5xoDfX+fL7faATnagmWPpbFtwh/R77WmMMqqHGS65C3vvB0YHrgF+B1YmZ3441tMj5n63k0212XNoJwzlhffQw==

function-bind@^1.1.2:
  version "1.1.2"
  resolved "https://registry.yarnpkg.com/function-bind/-/function-bind-1.1.2.tgz#2c02d864d97f3ea6c8830c464cbd11ab6eab7a1c"
  integrity sha512-7XHNxH7qX9xG5mIwxkhumTox/MIRNcOgDrxWsMt2pAr23WHp6MrRlN7FBSFpCpr+oVO0F744iUgR82nJMfG2SA==

hasown@^2.0.2:
  version "2.0.2"
  resolved "https://registry.yarnpkg.com/hasown/-/hasown-2.0.2.tgz#003eaf91be7adc372e84ec59dc37252cedb80003"
  integrity sha512-0hJU9SCPvmMzIBdZFqNPXWa6dqh7WdH0cII9y+CyS8rG3nL48Bclra9HmKhVVUHyPWNH5Y7xDwAB7bfgSjkUMQ==
  dependencies:
    function-bind "^1.1.2"

is-core-module@^2.16.0:
  version "2.16.1"
  resolved "https://registry.yarnpkg.com/is-core-module/-/is-core-module-2.16.1.tgz#2a98801a849f43e2add644fbb6bc6229b19a4ef4"
  integrity sha512-UfoeMA6fIJ8wTYFEUjelnaGI67v6+N7qXJEvQuIGa99l4xsCruSYOVSQ0uPANn4dAzm8lkYPaKLrrijLq7x23w==
  dependencies:
    hasown "^2.0.2"

is-module@^1.0.0:
  version "1.0.0"
  resolved "https://registry.yarnpkg.com/is-module/-/is-module-1.0.0.tgz#3258fb69f78c14d5b815d664336b4cffb6441591"
  integrity sha512-51ypPSPCoTEIN9dy5Oy+h4pShgJmPCygKfyRCISBI+JoWT/2oJvK8QPxmwv7b/p239jXrm9M1mlQbyKJ5A152g==

path-parse@^1.0.7:
  version "1.0.7"
  resolved "https://registry.yarnpkg.com/path-parse/-/path-parse-1.0.7.tgz#fbc114b60ca42b30d9daf5858e4bd68bbedb6735"
  integrity sha512-LDJzPVEEEPR+y48z93A0Ed0yXb8pAByGWo/k5YYdYgpY2/2EsOsksJrq7lOHxryrVOn1ejG6oAp8ahvOIQD8sw==

picomatch@^4.0.2:
  version "4.0.2"
  resolved "https://registry.yarnpkg.com/picomatch/-/picomatch-4.0.2.tgz#77c742931e8f3b8820946c76cd0c1f13730d1dab"
  integrity sha512-M7BAV6Rlcy5u+m6oPhAPFgJTzAioX/6B0DxyvDlo9l8+T3nLKbrczg2WLUyzd45L8RqfUMyGPzekbMvX2Ldkwg==

prettier@^3.2.5:
  version "3.4.2"
  resolved "https://registry.yarnpkg.com/prettier/-/prettier-3.4.2.tgz#a5ce1fb522a588bf2b78ca44c6e6fe5aa5a2b13f"
  integrity sha512-e9MewbtFo+Fevyuxn/4rrcDAaq0IYxPGLvObpQjiZBMAzB9IGmzlnG9RZy3FFas+eBMu2vA0CszMeduow5dIuQ==

randombytes@^2.1.0:
  version "2.1.0"
  resolved "https://registry.yarnpkg.com/randombytes/-/randombytes-2.1.0.tgz#df6f84372f0270dc65cdf6291349ab7a473d4f2a"
  integrity sha512-vYl3iOX+4CKUWuxGi9Ukhie6fsqXqS9FE2Zaic4tNFD2N2QQaXOMFbuKK4QmDHC0JO6B1Zp41J0LpT0oR68amQ==
  dependencies:
    safe-buffer "^5.1.0"

resolve@^1.22.1:
  version "1.22.10"
  resolved "https://registry.yarnpkg.com/resolve/-/resolve-1.22.10.tgz#b663e83ffb09bbf2386944736baae803029b8b39"
  integrity sha512-NPRy+/ncIMeDlTAsuqwKIiferiawhefFJtkNSW0qZJEqMEb+qBt/77B/jGeeek+F0uOeN05CDa6HXbbIgtVX4w==
  dependencies:
    is-core-module "^2.16.0"
    path-parse "^1.0.7"
    supports-preserve-symlinks-flag "^1.0.0"

rollup@^4.13.2:
  version "4.29.2"
  resolved "https://registry.yarnpkg.com/rollup/-/rollup-4.29.2.tgz#ff1555fd27fc20599a9b8f90527f0f43a1738e7f"
  integrity sha512-tJXpsEkzsEzyAKIaB3qv3IuvTVcTN7qBw1jL4SPPXM3vzDrJgiLGFY6+HodgFaUHAJ2RYJ94zV5MKRJCoQzQeA==
  dependencies:
    "@types/estree" "1.0.6"
  optionalDependencies:
    "@rollup/rollup-android-arm-eabi" "4.29.2"
    "@rollup/rollup-android-arm64" "4.29.2"
    "@rollup/rollup-darwin-arm64" "4.29.2"
    "@rollup/rollup-darwin-x64" "4.29.2"
    "@rollup/rollup-freebsd-arm64" "4.29.2"
    "@rollup/rollup-freebsd-x64" "4.29.2"
    "@rollup/rollup-linux-arm-gnueabihf" "4.29.2"
    "@rollup/rollup-linux-arm-musleabihf" "4.29.2"
    "@rollup/rollup-linux-arm64-gnu" "4.29.2"
    "@rollup/rollup-linux-arm64-musl" "4.29.2"
    "@rollup/rollup-linux-loongarch64-gnu" "4.29.2"
    "@rollup/rollup-linux-powerpc64le-gnu" "4.29.2"
    "@rollup/rollup-linux-riscv64-gnu" "4.29.2"
    "@rollup/rollup-linux-s390x-gnu" "4.29.2"
    "@rollup/rollup-linux-x64-gnu" "4.29.2"
    "@rollup/rollup-linux-x64-musl" "4.29.2"
    "@rollup/rollup-win32-arm64-msvc" "4.29.2"
    "@rollup/rollup-win32-ia32-msvc" "4.29.2"
    "@rollup/rollup-win32-x64-msvc" "4.29.2"
    fsevents "~2.3.2"

safe-buffer@^5.1.0:
  version "5.2.1"
  resolved "https://registry.yarnpkg.com/safe-buffer/-/safe-buffer-5.2.1.tgz#1eaf9fa9bdb1fdd4ec75f58f9cdb4e6b7827eec6"
  integrity sha512-rp3So07KcdmmKbGvgaNxQSJr7bGVSVk5S9Eq1F+ppbRo70+YeaDxkw5Dd8NPN+GD6bjnYm2VuPuCXmpuYvmCXQ==

serialize-javascript@^6.0.1:
  version "6.0.2"
  resolved "https://registry.yarnpkg.com/serialize-javascript/-/serialize-javascript-6.0.2.tgz#defa1e055c83bf6d59ea805d8da862254eb6a6c2"
  integrity sha512-Saa1xPByTTq2gdeFZYLLo+RFE35NHZkAbqZeWNd3BpzppeVisAqpDjcp8dyf6uIvEqJRd46jemmyA4iFIeVk8g==
  dependencies:
    randombytes "^2.1.0"

smob@^1.0.0:
  version "1.5.0"
  resolved "https://registry.yarnpkg.com/smob/-/smob-1.5.0.tgz#85d79a1403abf128d24d3ebc1cdc5e1a9548d3ab"
  integrity sha512-g6T+p7QO8npa+/hNx9ohv1E5pVCmWrVCUzUXJyLdMmftX6ER0oiWY/w9knEonLpnOp6b6FenKnMfR8gqwWdwig==

source-map-support@~0.5.20:
  version "0.5.21"
  resolved "https://registry.yarnpkg.com/source-map-support/-/source-map-support-0.5.21.tgz#04fe7c7f9e1ed2d662233c28cb2b35b9f63f6e4f"
  integrity sha512-uBHU3L3czsIyYXKX88fdrGovxdSCoTGDRZ6SYXtSRxLZUzHg5P/66Ht6uoUlHu9EZod+inXhKo3qQgwXUT/y1w==
  dependencies:
    buffer-from "^1.0.0"
    source-map "^0.6.0"

source-map@^0.6.0:
  version "0.6.1"
  resolved "https://registry.yarnpkg.com/source-map/-/source-map-0.6.1.tgz#74722af32e9614e9c287a8d0bbde48b5e2f1a263"
  integrity sha512-UjgapumWlbMhkBgzT7Ykc5YXUT46F0iKu8SGXq0bcwP5dz/h0Plj6enJqjz1Zbq2l5WaqYnrVbwWOWMyF3F47g==

supports-preserve-symlinks-flag@^1.0.0:
  version "1.0.0"
  resolved "https://registry.yarnpkg.com/supports-preserve-symlinks-flag/-/supports-preserve-symlinks-flag-1.0.0.tgz#6eda4bd344a3c94aea376d4cc31bc77311039e09"
  integrity sha512-ot0WnXS9fgdkgIcePe6RHNk1WA8+muPa6cSjeR3V8K27q9BB1rTE3R1p7Hv0z1ZyAc8s6Vvv8DIyWf681MAt0w==

terser@^5.17.4:
  version "5.37.0"
  resolved "https://registry.yarnpkg.com/terser/-/terser-5.37.0.tgz#38aa66d1cfc43d0638fab54e43ff8a4f72a21ba3"
  integrity sha512-B8wRRkmre4ERucLM/uXx4MOV5cbnOlVAqUst+1+iLKPI0dOgFO28f84ptoQt9HEI537PMzfYa/d+GEPKTRXmYA==
  dependencies:
    "@jridgewell/source-map" "^0.3.3"
    acorn "^8.8.2"
    commander "^2.20.0"
    source-map-support "~0.5.20"
